
Microsoft Visual Studio Solution File, Format Version 12.00
# Visual Studio Version 16
VisualStudioVersion = 16.0.30523.141
MinimumVisualStudioVersion = 10.0.40219.1
Project("{FAE04EC0-301F-11D3-BF4B-00C04F79EFBC}") = "SysManClient", "SysManClient.csproj", "{19F26C1E-E7F9-475D-8381-4EAE01228090}"
EndProject
Project("{9A19103F-16F7-4668-BE54-9A1E7A4F7556}") = "StargazeR", "..\StargazeR\StargazeR.csproj", "{BADE5FA3-7DD2-4528-9D8D-BC28FFDE4DB6}"
EndProject
Global
	GlobalSection(SolutionConfigurationPlatforms) = preSolution
		Debug|Any CPU = Debug|Any CPU
		Release|Any CPU = Release|Any CPU
	EndGlobalSection
	GlobalSection(ProjectConfigurationPlatforms) = postSolution
		{19F26C1E-E7F9-475D-8381-4EAE01228090}.Debug|Any CPU.ActiveCfg = Debug|Any CPU
		{19F26C1E-E7F9-475D-8381-4EAE01228090}.Debug|Any CPU.Build.0 = Debug|Any CPU
		{19F26C1E-E7F9-475D-8381-4EAE01228090}.Release|Any CPU.ActiveCfg = Release|Any CPU
		{19F26C1E-E7F9-475D-8381-4EAE01228090}.Release|Any CPU.Build.0 = Release|Any CPU
		{BADE5FA3-7DD2-4528-9D8D-BC28FFDE4DB6}.Debug|Any CPU.ActiveCfg = Debug|Any CPU
		{BADE5FA3-7DD2-4528-9D8D-BC28FFDE4DB6}.Debug|Any CPU.Build.0 = Debug|Any CPU
		{BADE5FA3-7DD2-4528-9D8D-BC28FFDE4DB6}.Release|Any CPU.ActiveCfg = Release|Any CPU
		{BADE5FA3-7DD2-4528-9D8D-BC28FFDE4DB6}.Release|Any CPU.Build.0 = Release|Any CPU
	EndGlobalSection
	GlobalSection(SolutionProperties) = preSolution
		HideSolutionNode = FALSE
	EndGlobalSection
	GlobalSection(ExtensibilityGlobals) = postSolution
		SolutionGuid = {A816382D-E887-4944-93A9-94C329875DC5}
	EndGlobalSection
EndGlobal
